
Microsoft Visual Studio Solution File, Format Version 12.00
# Visual Studio Version 17
VisualStudioVersion = 17.0.31903.59
MinimumVisualStudioVersion = 10.0.40219.1
Project("{2150E333-8FDC-42A3-9474-1A3956D46DE8}") = "application", "application", "{A74F262E-BDE7-D5D2-89E9-785413424D0A}"
EndProject
Project("{FAE04EC0-301F-11D3-BF4B-00C04F79EFBC}") = "NovaSourceG6Config", "application\NovaSourceG6Config\NovaSourceG6Config.csproj", "{AF5E1BA3-883E-4266-8F23-3DD29480A6A1}"
EndProject
Project("{FAE04EC0-301F-11D3-BF4B-00C04F79EFBC}") = "NovaSourceG6Config.Tests", "tests\NovaSourceG6Config.Tests\NovaSourceG6Config.Tests.csproj", "{74BE1A0B-B27B-4CFF-A69D-1A67619B823B}"
EndProject
Global
	GlobalSection(SolutionConfigurationPlatforms) = preSolution
		Debug|Any CPU = Debug|Any CPU
		Debug|x64 = Debug|x64
		Debug|x86 = Debug|x86
		Release|Any CPU = Release|Any CPU
		Release|x64 = Release|x64
		Release|x86 = Release|x86
	EndGlobalSection
	GlobalSection(ProjectConfigurationPlatforms) = postSolution
		{AF5E1BA3-883E-4266-8F23-3DD29480A6A1}.Debug|Any CPU.ActiveCfg = Debug|Any CPU
		{AF5E1BA3-883E-4266-8F23-3DD29480A6A1}.Debug|Any CPU.Build.0 = Debug|Any CPU
		{AF5E1BA3-883E-4266-8F23-3DD29480A6A1}.Debug|x64.ActiveCfg = Debug|Any CPU
		{AF5E1BA3-883E-4266-8F23-3DD29480A6A1}.Debug|x64.Build.0 = Debug|Any CPU
		{AF5E1BA3-883E-4266-8F23-3DD29480A6A1}.Debug|x86.ActiveCfg = Debug|Any CPU
		{AF5E1BA3-883E-4266-8F23-3DD29480A6A1}.Debug|x86.Build.0 = Debug|Any CPU
		{AF5E1BA3-883E-4266-8F23-3DD29480A6A1}.Release|Any CPU.ActiveCfg = Release|Any CPU
		{AF5E1BA3-883E-4266-8F23-3DD29480A6A1}.Release|Any CPU.Build.0 = Release|Any CPU
		{AF5E1BA3-883E-4266-8F23-3DD29480A6A1}.Release|x64.ActiveCfg = Release|Any CPU
		{AF5E1BA3-883E-4266-8F23-3DD29480A6A1}.Release|x64.Build.0 = Release|Any CPU
		{AF5E1BA3-883E-4266-8F23-3DD29480A6A1}.Release|x86.ActiveCfg = Release|Any CPU
		{AF5E1BA3-883E-4266-8F23-3DD29480A6A1}.Release|x86.Build.0 = Release|Any CPU
		{74BE1A0B-B27B-4CFF-A69D-1A67619B823B}.Debug|Any CPU.ActiveCfg = Debug|Any CPU
		{74BE1A0B-B27B-4CFF-A69D-1A67619B823B}.Debug|Any CPU.Build.0 = Debug|Any CPU
		{74BE1A0B-B27B-4CFF-A69D-1A67619B823B}.Debug|x64.ActiveCfg = Debug|Any CPU
		{74BE1A0B-B27B-4CFF-A69D-1A67619B823B}.Debug|x64.Build.0 = Debug|Any CPU
		{74BE1A0B-B27B-4CFF-A69D-1A67619B823B}.Debug|x86.ActiveCfg = Debug|Any CPU
		{74BE1A0B-B27B-4CFF-A69D-1A67619B823B}.Debug|x86.Build.0 = Debug|Any CPU
		{74BE1A0B-B27B-4CFF-A69D-1A67619B823B}.Release|Any CPU.ActiveCfg = Release|Any CPU
		{74BE1A0B-B27B-4CFF-A69D-1A67619B823B}.Release|Any CPU.Build.0 = Release|Any CPU
		{74BE1A0B-B27B-4CFF-A69D-1A67619B823B}.Release|x64.ActiveCfg = Release|Any CPU
		{74BE1A0B-B27B-4CFF-A69D-1A67619B823B}.Release|x64.Build.0 = Release|Any CPU
		{74BE1A0B-B27B-4CFF-A69D-1A67619B823B}.Release|x86.ActiveCfg = Release|Any CPU
		{74BE1A0B-B27B-4CFF-A69D-1A67619B823B}.Release|x86.Build.0 = Release|Any CPU
	EndGlobalSection
	GlobalSection(SolutionProperties) = preSolution
		HideSolutionNode = FALSE
	EndGlobalSection
	GlobalSection(NestedProjects) = preSolution
		{AF5E1BA3-883E-4266-8F23-3DD29480A6A1} = {A74F262E-BDE7-D5D2-89E9-785413424D0A}
		{74BE1A0B-B27B-4CFF-A69D-1A67619B823B} = {A74F262E-BDE7-D5D2-89E9-785413424D0A}
	EndGlobalSection
EndGlobal
